
Microsoft Visual Studio Solution File, Format Version 12.00
# Visual Studio Version 17
VisualStudioVersion = 17.0.31903.59
MinimumVisualStudioVersion = 10.0.40219.1
Project("{2150E333-8FDC-42A3-9474-1A3956D46DE8}") = "src", "src", "{827E0CD3-B72D-47B6-A68D-7590B98EB39B}"
EndProject
Project("{FAE04EC0-301F-11D3-BF4B-00C04F79EFBC}") = "IntentInk.Core", "src\IntentInk.Core\IntentInk.Core.csproj", "{5BCFDCEE-CFEE-4A76-B01E-355209F00A30}"
EndProject
Project("{FAE04EC0-301F-11D3-BF4B-00C04F79EFBC}") = "IntentInk.Desktop", "src\IntentInk.Desktop\IntentInk.Desktop.csproj", "{FDDA1F8B-C962-4B00-ADA3-6AF22019553C}"
EndProject
Project("{FAE04EC0-301F-11D3-BF4B-00C04F79EFBC}") = "IntentInk.Tests", "src\IntentInk.Tests\IntentInk.Tests.csproj", "{74FA7184-AF96-4D56-BB01-C4C7141FAC58}"
EndProject
Global
	GlobalSection(SolutionConfigurationPlatforms) = preSolution
		Debug|Any CPU = Debug|Any CPU
		Debug|x64 = Debug|x64
		Debug|x86 = Debug|x86
		Release|Any CPU = Release|Any CPU
		Release|x64 = Release|x64
		Release|x86 = Release|x86
	EndGlobalSection
	GlobalSection(ProjectConfigurationPlatforms) = postSolution
		{5BCFDCEE-CFEE-4A76-B01E-355209F00A30}.Debug|Any CPU.ActiveCfg = Debug|Any CPU
		{5BCFDCEE-CFEE-4A76-B01E-355209F00A30}.Debug|Any CPU.Build.0 = Debug|Any CPU
		{5BCFDCEE-CFEE-4A76-B01E-355209F00A30}.Debug|x64.ActiveCfg = Debug|Any CPU
		{5BCFDCEE-CFEE-4A76-B01E-355209F00A30}.Debug|x64.Build.0 = Debug|Any CPU
		{5BCFDCEE-CFEE-4A76-B01E-355209F00A30}.Debug|x86.ActiveCfg = Debug|Any CPU
		{5BCFDCEE-CFEE-4A76-B01E-355209F00A30}.Debug|x86.Build.0 = Debug|Any CPU
		{5BCFDCEE-CFEE-4A76-B01E-355209F00A30}.Release|Any CPU.ActiveCfg = Release|Any CPU
		{5BCFDCEE-CFEE-4A76-B01E-355209F00A30}.Release|Any CPU.Build.0 = Release|Any CPU
		{5BCFDCEE-CFEE-4A76-B01E-355209F00A30}.Release|x64.ActiveCfg = Release|Any CPU
		{5BCFDCEE-CFEE-4A76-B01E-355209F00A30}.Release|x64.Build.0 = Release|Any CPU
		{5BCFDCEE-CFEE-4A76-B01E-355209F00A30}.Release|x86.ActiveCfg = Release|Any CPU
		{5BCFDCEE-CFEE-4A76-B01E-355209F00A30}.Release|x86.Build.0 = Release|Any CPU
		{FDDA1F8B-C962-4B00-ADA3-6AF22019553C}.Debug|Any CPU.ActiveCfg = Debug|Any CPU
		{FDDA1F8B-C962-4B00-ADA3-6AF22019553C}.Debug|Any CPU.Build.0 = Debug|Any CPU
		{FDDA1F8B-C962-4B00-ADA3-6AF22019553C}.Debug|x64.ActiveCfg = Debug|Any CPU
		{FDDA1F8B-C962-4B00-ADA3-6AF22019553C}.Debug|x64.Build.0 = Debug|Any CPU
		{FDDA1F8B-C962-4B00-ADA3-6AF22019553C}.Debug|x86.ActiveCfg = Debug|Any CPU
		{FDDA1F8B-C962-4B00-ADA3-6AF22019553C}.Debug|x86.Build.0 = Debug|Any CPU
		{FDDA1F8B-C962-4B00-ADA3-6AF22019553C}.Release|Any CPU.ActiveCfg = Release|Any CPU
		{FDDA1F8B-C962-4B00-ADA3-6AF22019553C}.Release|Any CPU.Build.0 = Release|Any CPU
		{FDDA1F8B-C962-4B00-ADA3-6AF22019553C}.Release|x64.ActiveCfg = Release|Any CPU
		{FDDA1F8B-C962-4B00-ADA3-6AF22019553C}.Release|x64.Build.0 = Release|Any CPU
		{FDDA1F8B-C962-4B00-ADA3-6AF22019553C}.Release|x86.ActiveCfg = Release|Any CPU
		{FDDA1F8B-C962-4B00-ADA3-6AF22019553C}.Release|x86.Build.0 = Release|Any CPU
		{74FA7184-AF96-4D56-BB01-C4C7141FAC58}.Debug|Any CPU.ActiveCfg = Debug|Any CPU
		{74FA7184-AF96-4D56-BB01-C4C7141FAC58}.Debug|Any CPU.Build.0 = Debug|Any CPU
		{74FA7184-AF96-4D56-BB01-C4C7141FAC58}.Debug|x64.ActiveCfg = Debug|Any CPU
		{74FA7184-AF96-4D56-BB01-C4C7141FAC58}.Debug|x64.Build.0 = Debug|Any CPU
		{74FA7184-AF96-4D56-BB01-C4C7141FAC58}.Debug|x86.ActiveCfg = Debug|Any CPU
		{74FA7184-AF96-4D56-BB01-C4C7141FAC58}.Debug|x86.Build.0 = Debug|Any CPU
		{74FA7184-AF96-4D56-BB01-C4C7141FAC58}.Release|Any CPU.ActiveCfg = Release|Any CPU
		{74FA7184-AF96-4D56-BB01-C4C7141FAC58}.Release|Any CPU.Build.0 = Release|Any CPU
		{74FA7184-AF96-4D56-BB01-C4C7141FAC58}.Release|x64.ActiveCfg = Release|Any CPU
		{74FA7184-AF96-4D56-BB01-C4C7141FAC58}.Release|x64.Build.0 = Release|Any CPU
		{74FA7184-AF96-4D56-BB01-C4C7141FAC58}.Release|x86.ActiveCfg = Release|Any CPU
		{74FA7184-AF96-4D56-BB01-C4C7141FAC58}.Release|x86.Build.0 = Release|Any CPU
	EndGlobalSection
	GlobalSection(SolutionProperties) = preSolution
		HideSolutionNode = FALSE
	EndGlobalSection
	GlobalSection(NestedProjects) = preSolution
		{5BCFDCEE-CFEE-4A76-B01E-355209F00A30} = {827E0CD3-B72D-47B6-A68D-7590B98EB39B}
		{FDDA1F8B-C962-4B00-ADA3-6AF22019553C} = {827E0CD3-B72D-47B6-A68D-7590B98EB39B}
		{74FA7184-AF96-4D56-BB01-C4C7141FAC58} = {827E0CD3-B72D-47B6-A68D-7590B98EB39B}
	EndGlobalSection
EndGlobal
